// !$*UTF8*$!
{
	archiveVersion = 1;
	classes = {
	};
	objectVersion = 46;
	objects = {

/* Begin PBXBuildFile section */
		2EFAA5411956C71000E40081 /* Foundation.framework in Frameworks */ = {isa = PBXBuildFile; fileRef = 2EFAA5401956C71000E40081 /* Foundation.framework */; };
		2EFAA5431956C71000E40081 /* CoreGraphics.framework in Frameworks */ = {isa = PBXBuildFile; fileRef = 2EFAA5421956C71000E40081 /* CoreGraphics.framework */; };
		2EFAA5451956C71000E40081 /* UIKit.framework in Frameworks */ = {isa = PBXBuildFile; fileRef = 2EFAA5441956C71000E40081 /* UIKit.framework */; };
		2EFAA54B1956C71000E40081 /* InfoPlist.strings in Resources */ = {isa = PBXBuildFile; fileRef = 2EFAA5491956C71000E40081 /* InfoPlist.strings */; };
		2EFAA54D1956C71000E40081 /* main.m in Sources */ = {isa = PBXBuildFile; fileRef = 2EFAA54C1956C71000E40081 /* main.m */; };
		2EFAA5511956C71000E40081 /* AppDelegate.m in Sources */ = {isa = PBXBuildFile; fileRef = 2EFAA5501956C71000E40081 /* AppDelegate.m */; };
		2EFAA5541956C71000E40081 /* Main.storyboard in Resources */ = {isa = PBXBuildFile; fileRef = 2EFAA5521956C71000E40081 /* Main.storyboard */; };
		2EFAA5571956C71000E40081 /* ViewController.m in Sources */ = {isa = PBXBuildFile; fileRef = 2EFAA5561956C71000E40081 /* ViewController.m */; };
		2EFAA5591956C71000E40081 /* Images.xcassets in Resources */ = {isa = PBXBuildFile; fileRef = 2EFAA5581956C71000E40081 /* Images.xcassets */; };
		2EFAA5601956C71000E40081 /* XCTest.framework in Frameworks */ = {isa = PBXBuildFile; fileRef = 2EFAA55F1956C71000E40081 /* XCTest.framework */; };
		2EFAA5611956C71000E40081 /* Foundation.framework in Frameworks */ = {isa = PBXBuildFile; fileRef = 2EFAA5401956C71000E40081 /* Foundation.framework */; };
		2EFAA5621956C71000E40081 /* UIKit.framework in Frameworks */ = {isa = PBXBuildFile; fileRef = 2EFAA5441956C71000E40081 /* UIKit.framework */; };
		2EFAA56A1956C71000E40081 /* InfoPlist.strings in Resources */ = {isa = PBXBuildFile; fileRef = 2EFAA5681956C71000E40081 /* InfoPlist.strings */; };
		2EFAA56C1956C71000E40081 /* __CODEALTests.m in Sources */ = {isa = PBXBuildFile; fileRef = 2EFAA56B1956C71000E40081 /* __CODEALTests.m */; };
		2EFAA5771956C76500E40081 /* OwnMessage.m in Sources */ = {isa = PBXBuildFile; fileRef = 2EFAA5761956C76500E40081 /* OwnMessage.m */; };
		2EFAA5791956C7C900E40081 /* OwnMessage.xib in Resources */ = {isa = PBXBuildFile; fileRef = 2EFAA5781956C7C900E40081 /* OwnMessage.xib */; };
		2EFAA58D1956C9D100E40081 /* favorites_icon.png in Resources */ = {isa = PBXBuildFile; fileRef = 2EFAA57B1956C9D100E40081 /* favorites_icon.png */; };
		2EFAA58E1956C9D100E40081 /* favorites_icon@2x.png in Resources */ = {isa = PBXBuildFile; fileRef = 2EFAA57C1956C9D100E40081 /* favorites_icon@2x.png */; };
		2EFAA58F1956C9D100E40081 /* hu_right_arrow.png in Resources */ = {isa = PBXBuildFile; fileRef = 2EFAA57D1956C9D100E40081 /* hu_right_arrow.png */; };
		2EFAA5901956C9D100E40081 /* hu_right_arrow@2x.png in Resources */ = {isa = PBXBuildFile; fileRef = 2EFAA57E1956C9D100E40081 /* hu_right_arrow@2x.png */; };
		2EFAA5911956C9D100E40081 /* messages_icon.png in Resources */ = {isa = PBXBuildFile; fileRef = 2EFAA57F1956C9D100E40081 /* messages_icon.png */; };
		2EFAA5921956C9D100E40081 /* messages_icon@2x.png in Resources */ = {isa = PBXBuildFile; fileRef = 2EFAA5801956C9D100E40081 /* messages_icon@2x.png */; };
		2EFAA5931956C9D100E40081 /* no_messages_icon.png in Resources */ = {isa = PBXBuildFile; fileRef = 2EFAA5811956C9D100E40081 /* no_messages_icon.png */; };
		2EFAA5941956C9D100E40081 /* no_messages_icon@2x.png in Resources */ = {isa = PBXBuildFile; fileRef = 2EFAA5821956C9D100E40081 /* no_messages_icon@2x.png */; };
		2EFAA5951956C9D100E40081 /* not_in_favorites_icon.png in Resources */ = {isa = PBXBuildFile; fileRef = 2EFAA5831956C9D100E40081 /* not_in_favorites_icon.png */; };
		2EFAA5961956C9D100E40081 /* not_in_favorites_icon@2x.png in Resources */ = {isa = PBXBuildFile; fileRef = 2EFAA5841956C9D100E40081 /* not_in_favorites_icon@2x.png */; };
		2EFAA5971956C9D100E40081 /* user_away_icon.png in Resources */ = {isa = PBXBuildFile; fileRef = 2EFAA5851956C9D100E40081 /* user_away_icon.png */; };
		2EFAA5981956C9D100E40081 /* user_away_icon@2x.png in Resources */ = {isa = PBXBuildFile; fileRef = 2EFAA5861956C9D100E40081 /* user_away_icon@2x.png */; };
		2EFAA5991956C9D100E40081 /* user_busy_icon.png in Resources */ = {isa = PBXBuildFile; fileRef = 2EFAA5871956C9D100E40081 /* user_busy_icon.png */; };
		2EFAA59A1956C9D100E40081 /* user_busy_icon@2x.png in Resources */ = {isa = PBXBuildFile; fileRef = 2EFAA5881956C9D100E40081 /* user_busy_icon@2x.png */; };
		2EFAA59B1956C9D100E40081 /* user_offline_icon.png in Resources */ = {isa = PBXBuildFile; fileRef = 2EFAA5891956C9D100E40081 /* user_offline_icon.png */; };
		2EFAA59C1956C9D100E40081 /* user_offline_icon@2x.png in Resources */ = {isa = PBXBuildFile; fileRef = 2EFAA58A1956C9D100E40081 /* user_offline_icon@2x.png */; };
		2EFAA59D1956C9D100E40081 /* user_online_icon.png in Resources */ = {isa = PBXBuildFile; fileRef = 2EFAA58B1956C9D100E40081 /* user_online_icon.png */; };
		2EFAA59E1956C9D100E40081 /* user_online_icon@2x.png in Resources */ = {isa = PBXBuildFile; fileRef = 2EFAA58C1956C9D100E40081 /* user_online_icon@2x.png */; };
		2EFAA5A61958004800E40081 /* OtherMessage.m in Sources */ = {isa = PBXBuildFile; fileRef = 2EFAA5A51958004800E40081 /* OtherMessage.m */; };
		2EFAA5A81958006400E40081 /* OtherMessage.xib in Resources */ = {isa = PBXBuildFile; fileRef = 2EFAA5A71958006400E40081 /* OtherMessage.xib */; };
/* End PBXBuildFile section */

/* Begin PBXContainerItemProxy section */
		2EFAA5631956C71000E40081 /* PBXContainerItemProxy */ = {
			isa = PBXContainerItemProxy;
			containerPortal = 2EFAA5351956C71000E40081 /* Project object */;
			proxyType = 1;
			remoteGlobalIDString = 2EFAA53C1956C71000E40081;
			remoteInfo = 4_CODEAL;
		};
/* End PBXContainerItemProxy section */

/* Begin PBXFileReference section */
		2EFAA53D1956C71000E40081 /* 4_CODEAL.app */ = {isa = PBXFileReference; explicitFileType = wrapper.application; includeInIndex = 0; path = 4_CODEAL.app; sourceTree = BUILT_PRODUCTS_DIR; };
		2EFAA5401956C71000E40081 /* Foundation.framework */ = {isa = PBXFileReference; lastKnownFileType = wrapper.framework; name = Foundation.framework; path = System/Library/Frameworks/Foundation.framework; sourceTree = SDKROOT; };
		2EFAA5421956C71000E40081 /* CoreGraphics.framework */ = {isa = PBXFileReference; lastKnownFileType = wrapper.framework; name = CoreGraphics.framework; path = System/Library/Frameworks/CoreGraphics.framework; sourceTree = SDKROOT; };
		2EFAA5441956C71000E40081 /* UIKit.framework */ = {isa = PBXFileReference; lastKnownFileType = wrapper.framework; name = UIKit.framework; path = System/Library/Frameworks/UIKit.framework; sourceTree = SDKROOT; };
		2EFAA5481956C71000E40081 /* 4_CODEAL-Info.plist */ = {isa = PBXFileReference; lastKnownFileType = text.plist.xml; path = "4_CODEAL-Info.plist"; sourceTree = "<group>"; };
		2EFAA54A1956C71000E40081 /* en */ = {isa = PBXFileReference; lastKnownFileType = text.plist.strings; name = en; path = en.lproj/InfoPlist.strings; sourceTree = "<group>"; };
		2EFAA54C1956C71000E40081 /* main.m */ = {isa = PBXFileReference; lastKnownFileType = sourcecode.c.objc; path = main.m; sourceTree = "<group>"; };
		2EFAA54E1956C71000E40081 /* 4_CODEAL-Prefix.pch */ = {isa = PBXFileReference; lastKnownFileType = sourcecode.c.h; path = "4_CODEAL-Prefix.pch"; sourceTree = "<group>"; };
		2EFAA54F1956C71000E40081 /* AppDelegate.h */ = {isa = PBXFileReference; lastKnownFileType = sourcecode.c.h; path = AppDelegate.h; sourceTree = "<group>"; };
		2EFAA5501956C71000E40081 /* AppDelegate.m */ = {isa = PBXFileReference; lastKnownFileType = sourcecode.c.objc; path = AppDelegate.m; sourceTree = "<group>"; };
		2EFAA5531956C71000E40081 /* Base */ = {isa = PBXFileReference; lastKnownFileType = file.storyboard; name = Base; path = Base.lproj/Main.storyboard; sourceTree = "<group>"; };
		2EFAA5551956C71000E40081 /* ViewController.h */ = {isa = PBXFileReference; lastKnownFileType = sourcecode.c.h; path = ViewController.h; sourceTree = "<group>"; };
		2EFAA5561956C71000E40081 /* ViewController.m */ = {isa = PBXFileReference; lastKnownFileType = sourcecode.c.objc; path = ViewController.m; sourceTree = "<group>"; };
		2EFAA5581956C71000E40081 /* Images.xcassets */ = {isa = PBXFileReference; lastKnownFileType = folder.assetcatalog; path = Images.xcassets; sourceTree = "<group>"; };
		2EFAA55E1956C71000E40081 /* 4_CODEALTests.xctest */ = {isa = PBXFileReference; explicitFileType = wrapper.cfbundle; includeInIndex = 0; path = 4_CODEALTests.xctest; sourceTree = BUILT_PRODUCTS_DIR; };
		2EFAA55F1956C71000E40081 /* XCTest.framework */ = {isa = PBXFileReference; lastKnownFileType = wrapper.framework; name = XCTest.framework; path = Library/Frameworks/XCTest.framework; sourceTree = DEVELOPER_DIR; };
		2EFAA5671956C71000E40081 /* 4_CODEALTests-Info.plist */ = {isa = PBXFileReference; lastKnownFileType = text.plist.xml; path = "4_CODEALTests-Info.plist"; sourceTree = "<group>"; };
		2EFAA5691956C71000E40081 /* en */ = {isa = PBXFileReference; lastKnownFileType = text.plist.strings; name = en; path = en.lproj/InfoPlist.strings; sourceTree = "<group>"; };
		2EFAA56B1956C71000E40081 /* __CODEALTests.m */ = {isa = PBXFileReference; lastKnownFileType = sourcecode.c.objc; path = __CODEALTests.m; sourceTree = "<group>"; };
		2EFAA5751956C76500E40081 /* OwnMessage.h */ = {isa = PBXFileReference; fileEncoding = 4; lastKnownFileType = sourcecode.c.h; path = OwnMessage.h; sourceTree = "<group>"; };
		2EFAA5761956C76500E40081 /* OwnMessage.m */ = {isa = PBXFileReference; fileEncoding = 4; lastKnownFileType = sourcecode.c.objc; path = OwnMessage.m; sourceTree = "<group>"; };
		2EFAA5781956C7C900E40081 /* OwnMessage.xib */ = {isa = PBXFileReference; fileEncoding = 4; lastKnownFileType = file.xib; path = OwnMessage.xib; sourceTree = "<group>"; };
		2EFAA57B1956C9D100E40081 /* favorites_icon.png */ = {isa = PBXFileReference; lastKnownFileType = image.png; path = favorites_icon.png; sourceTree = "<group>"; };
		2EFAA57C1956C9D100E40081 /* favorites_icon@2x.png */ = {isa = PBXFileReference; lastKnownFileType = image.png; path = "favorites_icon@2x.png"; sourceTree = "<group>"; };
		2EFAA57D1956C9D100E40081 /* hu_right_arrow.png */ = {isa = PBXFileReference; lastKnownFileType = image.png; path = hu_right_arrow.png; sourceTree = "<group>"; };
		2EFAA57E1956C9D100E40081 /* hu_right_arrow@2x.png */ = {isa = PBXFileReference; lastKnownFileType = image.png; path = "hu_right_arrow@2x.png"; sourceTree = "<group>"; };
		2EFAA57F1956C9D100E40081 /* messages_icon.png */ = {isa = PBXFileReference; lastKnownFileType = image.png; path = messages_icon.png; sourceTree = "<group>"; };
		2EFAA5801956C9D100E40081 /* messages_icon@2x.png */ = {isa = PBXFileReference; lastKnownFileType = image.png; path = "messages_icon@2x.png"; sourceTree = "<group>"; };
		2EFAA5811956C9D100E40081 /* no_messages_icon.png */ = {isa = PBXFileReference; lastKnownFileType = image.png; path = no_messages_icon.png; sourceTree = "<group>"; };
		2EFAA5821956C9D100E40081 /* no_messages_icon@2x.png */ = {isa = PBXFileReference; lastKnownFileType = image.png; path = "no_messages_icon@2x.png"; sourceTree = "<group>"; };
		2EFAA5831956C9D100E40081 /* not_in_favorites_icon.png */ = {isa = PBXFileReference; lastKnownFileType = image.png; path = not_in_favorites_icon.png; sourceTree = "<group>"; };
		2EFAA5841956C9D100E40081 /* not_in_favorites_icon@2x.png */ = {isa = PBXFileReference; lastKnownFileType = image.png; path = "not_in_favorites_icon@2x.png"; sourceTree = "<group>"; };
		2EFAA5851956C9D100E40081 /* user_away_icon.png */ = {isa = PBXFileReference; lastKnownFileType = image.png; path = user_away_icon.png; sourceTree = "<group>"; };
		2EFAA5861956C9D100E40081 /* user_away_icon@2x.png */ = {isa = PBXFileReference; lastKnownFileType = image.png; path = "user_away_icon@2x.png"; sourceTree = "<group>"; };
		2EFAA5871956C9D100E40081 /* user_busy_icon.png */ = {isa = PBXFileReference; lastKnownFileType = image.png; path = user_busy_icon.png; sourceTree = "<group>"; };
		2EFAA5881956C9D100E40081 /* user_busy_icon@2x.png */ = {isa = PBXFileReference; lastKnownFileType = image.png; path = "user_busy_icon@2x.png"; sourceTree = "<group>"; };
		2EFAA5891956C9D100E40081 /* user_offline_icon.png */ = {isa = PBXFileReference; lastKnownFileType = image.png; path = user_offline_icon.png; sourceTree = "<group>"; };
		2EFAA58A1956C9D100E40081 /* user_offline_icon@2x.png */ = {isa = PBXFileReference; lastKnownFileType = image.png; path = "user_offline_icon@2x.png"; sourceTree = "<group>"; };
		2EFAA58B1956C9D100E40081 /* user_online_icon.png */ = {isa = PBXFileReference; lastKnownFileType = image.png; path = user_online_icon.png; sourceTree = "<group>"; };
		2EFAA58C1956C9D100E40081 /* user_online_icon@2x.png */ = {isa = PBXFileReference; lastKnownFileType = image.png; path = "user_online_icon@2x.png"; sourceTree = "<group>"; };
		2EFAA5A41958004700E40081 /* OtherMessage.h */ = {isa = PBXFileReference; fileEncoding = 4; lastKnownFileType = sourcecode.c.h; path = OtherMessage.h; sourceTree = "<group>"; };
		2EFAA5A51958004800E40081 /* OtherMessage.m */ = {isa = PBXFileReference; fileEncoding = 4; lastKnownFileType = sourcecode.c.objc; path = OtherMessage.m; sourceTree = "<group>"; };
		2EFAA5A71958006400E40081 /* OtherMessage.xib */ = {isa = PBXFileReference; fileEncoding = 4; lastKnownFileType = file.xib; path = OtherMessage.xib; sourceTree = "<group>"; };
/* End PBXFileReference section */

/* Begin PBXFrameworksBuildPhase section */
		2EFAA53A1956C71000E40081 /* Frameworks */ = {
			isa = PBXFrameworksBuildPhase;
			buildActionMask = 2147483647;
			files = (
				2EFAA5431956C71000E40081 /* CoreGraphics.framework in Frameworks */,
				2EFAA5451956C71000E40081 /* UIKit.framework in Frameworks */,
				2EFAA5411956C71000E40081 /* Foundation.framework in Frameworks */,
			);
			runOnlyForDeploymentPostprocessing = 0;
		};
		2EFAA55B1956C71000E40081 /* Frameworks */ = {
			isa = PBXFrameworksBuildPhase;
			buildActionMask = 2147483647;
			files = (
				2EFAA5601956C71000E40081 /* XCTest.framework in Frameworks */,
				2EFAA5621956C71000E40081 /* UIKit.framework in Frameworks */,
				2EFAA5611956C71000E40081 /* Foundation.framework in Frameworks */,
			);
			runOnlyForDeploymentPostprocessing = 0;
		};
/* End PBXFrameworksBuildPhase section */

/* Begin PBXGroup section */
		2EFAA5341956C71000E40081 = {
			isa = PBXGroup;
			children = (
				2EFAA5461956C71000E40081 /* 4_CODEAL */,
				2EFAA5651956C71000E40081 /* 4_CODEALTests */,
				2EFAA53F1956C71000E40081 /* Frameworks */,
				2EFAA53E1956C71000E40081 /* Products */,
			);
			sourceTree = "<group>";
		};
		2EFAA53E1956C71000E40081 /* Products */ = {
			isa = PBXGroup;
			children = (
				2EFAA53D1956C71000E40081 /* 4_CODEAL.app */,
				2EFAA55E1956C71000E40081 /* 4_CODEALTests.xctest */,
			);
			name = Products;
			sourceTree = "<group>";
		};
		2EFAA53F1956C71000E40081 /* Frameworks */ = {
			isa = PBXGroup;
			children = (
				2EFAA5401956C71000E40081 /* Foundation.framework */,
				2EFAA5421956C71000E40081 /* CoreGraphics.framework */,
				2EFAA5441956C71000E40081 /* UIKit.framework */,
				2EFAA55F1956C71000E40081 /* XCTest.framework */,
			);
			name = Frameworks;
			sourceTree = "<group>";
		};
		2EFAA5461956C71000E40081 /* 4_CODEAL */ = {
			isa = PBXGroup;
			children = (
				2EFAA57A1956C9D100E40081 /* Profile */,
				2EFAA54F1956C71000E40081 /* AppDelegate.h */,
				2EFAA5501956C71000E40081 /* AppDelegate.m */,
				2EFAA5521956C71000E40081 /* Main.storyboard */,
				2EFAA5551956C71000E40081 /* ViewController.h */,
				2EFAA5561956C71000E40081 /* ViewController.m */,
				2EFAA5581956C71000E40081 /* Images.xcassets */,
				2EFAA5471956C71000E40081 /* Supporting Files */,
				2EFAA5751956C76500E40081 /* OwnMessage.h */,
				2EFAA5761956C76500E40081 /* OwnMessage.m */,
				2EFAA5781956C7C900E40081 /* OwnMessage.xib */,
				2EFAA5A41958004700E40081 /* OtherMessage.h */,
				2EFAA5A51958004800E40081 /* OtherMessage.m */,
				2EFAA5A71958006400E40081 /* OtherMessage.xib */,
			);
			path = 4_CODEAL;
			sourceTree = "<group>";
		};
		2EFAA5471956C71000E40081 /* Supporting Files */ = {
			isa = PBXGroup;
			children = (
				2EFAA5481956C71000E40081 /* 4_CODEAL-Info.plist */,
				2EFAA5491956C71000E40081 /* InfoPlist.strings */,
				2EFAA54C1956C71000E40081 /* main.m */,
				2EFAA54E1956C71000E40081 /* 4_CODEAL-Prefix.pch */,
			);
			name = "Supporting Files";
			sourceTree = "<group>";
		};
		2EFAA5651956C71000E40081 /* 4_CODEALTests */ = {
			isa = PBXGroup;
			children = (
				2EFAA56B1956C71000E40081 /* __CODEALTests.m */,
				2EFAA5661956C71000E40081 /* Supporting Files */,
			);
			path = 4_CODEALTests;
			sourceTree = "<group>";
		};
		2EFAA5661956C71000E40081 /* Supporting Files */ = {
			isa = PBXGroup;
			children = (
				2EFAA5671956C71000E40081 /* 4_CODEALTests-Info.plist */,
				2EFAA5681956C71000E40081 /* InfoPlist.strings */,
			);
			name = "Supporting Files";
			sourceTree = "<group>";
		};
		2EFAA57A1956C9D100E40081 /* Profile */ = {
			isa = PBXGroup;
			children = (
				2EFAA57B1956C9D100E40081 /* favorites_icon.png */,
				2EFAA57C1956C9D100E40081 /* favorites_icon@2x.png */,
				2EFAA57D1956C9D100E40081 /* hu_right_arrow.png */,
				2EFAA57E1956C9D100E40081 /* hu_right_arrow@2x.png */,
				2EFAA57F1956C9D100E40081 /* messages_icon.png */,
				2EFAA5801956C9D100E40081 /* messages_icon@2x.png */,
				2EFAA5811956C9D100E40081 /* no_messages_icon.png */,
				2EFAA5821956C9D100E40081 /* no_messages_icon@2x.png */,
				2EFAA5831956C9D100E40081 /* not_in_favorites_icon.png */,
				2EFAA5841956C9D100E40081 /* not_in_favorites_icon@2x.png */,
				2EFAA5851956C9D100E40081 /* user_away_icon.png */,
				2EFAA5861956C9D100E40081 /* user_away_icon@2x.png */,
				2EFAA5871956C9D100E40081 /* user_busy_icon.png */,
				2EFAA5881956C9D100E40081 /* user_busy_icon@2x.png */,
				2EFAA5891956C9D100E40081 /* user_offline_icon.png */,
				2EFAA58A1956C9D100E40081 /* user_offline_icon@2x.png */,
				2EFAA58B1956C9D100E40081 /* user_online_icon.png */,
				2EFAA58C1956C9D100E40081 /* user_online_icon@2x.png */,
			);
			path = Profile;
			sourceTree = "<group>";
		};
/* End PBXGroup section */

/* Begin PBXNativeTarget section */
		2EFAA53C1956C71000E40081 /* 4_CODEAL */ = {
			isa = PBXNativeTarget;
			buildConfigurationList = 2EFAA56F1956C71000E40081 /* Build configuration list for PBXNativeTarget "4_CODEAL" */;
			buildPhases = (
				2EFAA5391956C71000E40081 /* Sources */,
				2EFAA53A1956C71000E40081 /* Frameworks */,
				2EFAA53B1956C71000E40081 /* Resources */,
			);
			buildRules = (
			);
			dependencies = (
			);
			name = 4_CODEAL;
			productName = 4_CODEAL;
			productReference = 2EFAA53D1956C71000E40081 /* 4_CODEAL.app */;
			productType = "com.apple.product-type.application";
		};
		2EFAA55D1956C71000E40081 /* 4_CODEALTests */ = {
			isa = PBXNativeTarget;
			buildConfigurationList = 2EFAA5721956C71000E40081 /* Build configuration list for PBXNativeTarget "4_CODEALTests" */;
			buildPhases = (
				2EFAA55A1956C71000E40081 /* Sources */,
				2EFAA55B1956C71000E40081 /* Frameworks */,
				2EFAA55C1956C71000E40081 /* Resources */,
			);
			buildRules = (
			);
			dependencies = (
				2EFAA5641956C71000E40081 /* PBXTargetDependency */,
			);
			name = 4_CODEALTests;
			productName = 4_CODEALTests;
			productReference = 2EFAA55E1956C71000E40081 /* 4_CODEALTests.xctest */;
			productType = "com.apple.product-type.bundle.unit-test";
		};
/* End PBXNativeTarget section */

/* Begin PBXProject section */
		2EFAA5351956C71000E40081 /* Project object */ = {
			isa = PBXProject;
			attributes = {
				LastUpgradeCheck = 0510;
				ORGANIZATIONNAME = CODEAL;
				TargetAttributes = {
					2EFAA55D1956C71000E40081 = {
						TestTargetID = 2EFAA53C1956C71000E40081;
					};
				};
			};
			buildConfigurationList = 2EFAA5381956C71000E40081 /* Build configuration list for PBXProject "4_CODEAL" */;
			compatibilityVersion = "Xcode 3.2";
			developmentRegion = English;
			hasScannedForEncodings = 0;
			knownRegions = (
				en,
				Base,
			);
			mainGroup = 2EFAA5341956C71000E40081;
			productRefGroup = 2EFAA53E1956C71000E40081 /* Products */;
			projectDirPath = "";
			projectRoot = "";
			targets = (
				2EFAA53C1956C71000E40081 /* 4_CODEAL */,
				2EFAA55D1956C71000E40081 /* 4_CODEALTests */,
			);
		};
/* End PBXProject section */

/* Begin PBXResourcesBuildPhase section */
		2EFAA53B1956C71000E40081 /* Resources */ = {
			isa = PBXResourcesBuildPhase;
			buildActionMask = 2147483647;
			files = (
				2EFAA5961956C9D100E40081 /* not_in_favorites_icon@2x.png in Resources */,
				2EFAA5941956C9D100E40081 /* no_messages_icon@2x.png in Resources */,
				2EFAA5791956C7C900E40081 /* OwnMessage.xib in Resources */,
				2EFAA5991956C9D100E40081 /* user_busy_icon.png in Resources */,
				2EFAA59D1956C9D100E40081 /* user_online_icon.png in Resources */,
				2EFAA5591956C71000E40081 /* Images.xcassets in Resources */,
				2EFAA59A1956C9D100E40081 /* user_busy_icon@2x.png in Resources */,
				2EFAA59E1956C9D100E40081 /* user_online_icon@2x.png in Resources */,
				2EFAA59B1956C9D100E40081 /* user_offline_icon.png in Resources */,
				2EFAA5971956C9D100E40081 /* user_away_icon.png in Resources */,
				2EFAA58F1956C9D100E40081 /* hu_right_arrow.png in Resources */,
				2EFAA5931956C9D100E40081 /* no_messages_icon.png in Resources */,
				2EFAA5A81958006400E40081 /* OtherMessage.xib in Resources */,
				2EFAA59C1956C9D100E40081 /* user_offline_icon@2x.png in Resources */,
				2EFAA5951956C9D100E40081 /* not_in_favorites_icon.png in Resources */,
				2EFAA54B1956C71000E40081 /* InfoPlist.strings in Resources */,
				2EFAA5911956C9D100E40081 /* messages_icon.png in Resources */,
				2EFAA5981956C9D100E40081 /* user_away_icon@2x.png in Resources */,
				2EFAA58D1956C9D100E40081 /* favorites_icon.png in Resources */,
				2EFAA5541956C71000E40081 /* Main.storyboard in Resources */,
				2EFAA5921956C9D100E40081 /* messages_icon@2x.png in Resources */,
				2EFAA5901956C9D100E40081 /* hu_right_arrow@2x.png in Resources */,
				2EFAA58E1956C9D100E40081 /* favorites_icon@2x.png in Resources */,
			);
			runOnlyForDeploymentPostprocessing = 0;
		};
		2EFAA55C1956C71000E40081 /* Resources */ = {
			isa = PBXResourcesBuildPhase;
			buildActionMask = 2147483647;
			files = (
				2EFAA56A1956C71000E40081 /* InfoPlist.strings in Resources */,
			);
			runOnlyForDeploymentPostprocessing = 0;
		};
/* End PBXResourcesBuildPhase section */

/* Begin PBXSourcesBuildPhase section */
		2EFAA5391956C71000E40081 /* Sources */ = {
			isa = PBXSourcesBuildPhase;
			buildActionMask = 2147483647;
			files = (
				2EFAA5771956C76500E40081 /* OwnMessage.m in Sources */,
				2EFAA5571956C71000E40081 /* ViewController.m in Sources */,
				2EFAA5511956C71000E40081 /* AppDelegate.m in Sources */,
				2EFAA5A61958004800E40081 /* OtherMessage.m in Sources */,
				2EFAA54D1956C71000E40081 /* main.m in Sources */,
			);
			runOnlyForDeploymentPostprocessing = 0;
		};
		2EFAA55A1956C71000E40081 /* Sources */ = {
			isa = PBXSourcesBuildPhase;
			buildActionMask = 2147483647;
			files = (
				2EFAA56C1956C71000E40081 /* __CODEALTests.m in Sources */,
			);
			runOnlyForDeploymentPostprocessing = 0;
		};
/* End PBXSourcesBuildPhase section */

/* Begin PBXTargetDependency section */
		2EFAA5641956C71000E40081 /* PBXTargetDependency */ = {
			isa = PBXTargetDependency;
			target = 2EFAA53C1956C71000E40081 /* 4_CODEAL */;
			targetProxy = 2EFAA5631956C71000E40081 /* PBXContainerItemProxy */;
		};
/* End PBXTargetDependency section */

/* Begin PBXVariantGroup section */
		2EFAA5491956C71000E40081 /* InfoPlist.strings */ = {
			isa = PBXVariantGroup;
			children = (
				2EFAA54A1956C71000E40081 /* en */,
			);
			name = InfoPlist.strings;
			sourceTree = "<group>";
		};
		2EFAA5521956C71000E40081 /* Main.storyboard */ = {
			isa = PBXVariantGroup;
			children = (
				2EFAA5531956C71000E40081 /* Base */,
			);
			name = Main.storyboard;
			sourceTree = "<group>";
		};
		2EFAA5681956C71000E40081 /* InfoPlist.strings */ = {
			isa = PBXVariantGroup;
			children = (
				2EFAA5691956C71000E40081 /* en */,
			);
			name = InfoPlist.strings;
			sourceTree = "<group>";
		};
/* End PBXVariantGroup section */

/* Begin XCBuildConfiguration section */
		2EFAA56D1956C71000E40081 /* Debug */ = {
			isa = XCBuildConfiguration;
			buildSettings = {
				ALWAYS_SEARCH_USER_PATHS = NO;
				CLANG_CXX_LANGUAGE_STANDARD = "gnu++0x";
				CLANG_CXX_LIBRARY = "libc++";
				CLANG_ENABLE_MODULES = YES;
				CLANG_ENABLE_OBJC_ARC = YES;
				CLANG_WARN_BOOL_CONVERSION = YES;
				CLANG_WARN_CONSTANT_CONVERSION = YES;
				CLANG_WARN_DIRECT_OBJC_ISA_USAGE = YES_ERROR;
				CLANG_WARN_EMPTY_BODY = YES;
				CLANG_WARN_ENUM_CONVERSION = YES;
				CLANG_WARN_INT_CONVERSION = YES;
				CLANG_WARN_OBJC_ROOT_CLASS = YES_ERROR;
				CLANG_WARN__DUPLICATE_METHOD_MATCH = YES;
				"CODE_SIGN_IDENTITY[sdk=iphoneos*]" = "iPhone Developer";
				COPY_PHASE_STRIP = NO;
				GCC_C_LANGUAGE_STANDARD = gnu99;
				GCC_DYNAMIC_NO_PIC = NO;
				GCC_OPTIMIZATION_LEVEL = 0;
				GCC_PREPROCESSOR_DEFINITIONS = (
					"DEBUG=1",
					"$(inherited)",
				);
				GCC_SYMBOLS_PRIVATE_EXTERN = NO;
				GCC_WARN_64_TO_32_BIT_CONVERSION = YES;
				GCC_WARN_ABOUT_RETURN_TYPE = YES_ERROR;
				GCC_WARN_UNDECLARED_SELECTOR = YES;
				GCC_WARN_UNINITIALIZED_AUTOS = YES_AGGRESSIVE;
				GCC_WARN_UNUSED_FUNCTION = YES;
				GCC_WARN_UNUSED_VARIABLE = YES;
				IPHONEOS_DEPLOYMENT_TARGET = 7.1;
				ONLY_ACTIVE_ARCH = YES;
				SDKROOT = iphoneos;
			};
			name = Debug;
		};
		2EFAA56E1956C71000E40081 /* Release */ = {
			isa = XCBuildConfiguration;
			buildSettings = {
				ALWAYS_SEARCH_USER_PATHS = NO;
				CLANG_CXX_LANGUAGE_STANDARD = "gnu++0x";
				CLANG_CXX_LIBRARY = "libc++";
				CLANG_ENABLE_MODULES = YES;
				CLANG_ENABLE_OBJC_ARC = YES;
				CLANG_WARN_BOOL_CONVERSION = YES;
				CLANG_WARN_CONSTANT_CONVERSION = YES;
				CLANG_WARN_DIRECT_OBJC_ISA_USAGE = YES_ERROR;
				CLANG_WARN_EMPTY_BODY = YES;
				CLANG_WARN_ENUM_CONVERSION = YES;
				CLANG_WARN_INT_CONVERSION = YES;
				CLANG_WARN_OBJC_ROOT_CLASS = YES_ERROR;
				CLANG_WARN__DUPLICATE_METHOD_MATCH = YES;
				"CODE_SIGN_IDENTITY[sdk=iphoneos*]" = "iPhone Developer";
				COPY_PHASE_STRIP = YES;
				ENABLE_NS_ASSERTIONS = NO;
				GCC_C_LANGUAGE_STANDARD = gnu99;
				GCC_WARN_64_TO_32_BIT_CONVERSION = YES;
				GCC_WARN_ABOUT_RETURN_TYPE = YES_ERROR;
				GCC_WARN_UNDECLARED_SELECTOR = YES;
				GCC_WARN_UNINITIALIZED_AUTOS = YES_AGGRESSIVE;
				GCC_WARN_UNUSED_FUNCTION = YES;
				GCC_WARN_UNUSED_VARIABLE = YES;
				IPHONEOS_DEPLOYMENT_TARGET = 7.1;
				SDKROOT = iphoneos;
				VALIDATE_PRODUCT = YES;
			};
			name = Release;
		};
		2EFAA5701956C71000E40081 /* Debug */ = {
			isa = XCBuildConfiguration;
			buildSettings = {
				ASSETCATALOG_COMPILER_APPICON_NAME = AppIcon;
				ASSETCATALOG_COMPILER_LAUNCHIMAGE_NAME = LaunchImage;
				GCC_PRECOMPILE_PREFIX_HEADER = YES;
				GCC_PREFIX_HEADER = "4_CODEAL/4_CODEAL-Prefix.pch";
				INFOPLIST_FILE = "4_CODEAL/4_CODEAL-Info.plist";
				PRODUCT_NAME = "$(TARGET_NAME)";
				WRAPPER_EXTENSION = app;
			};
			name = Debug;
		};
		2EFAA5711956C71000E40081 /* Release */ = {
			isa = XCBuildConfiguration;
			buildSettings = {
				ASSETCATALOG_COMPILER_APPICON_NAME = AppIcon;
				ASSETCATALOG_COMPILER_LAUNCHIMAGE_NAME = LaunchImage;
				GCC_PRECOMPILE_PREFIX_HEADER = YES;
				GCC_PREFIX_HEADER = "4_CODEAL/4_CODEAL-Prefix.pch";
				INFOPLIST_FILE = "4_CODEAL/4_CODEAL-Info.plist";
				PRODUCT_NAME = "$(TARGET_NAME)";
				WRAPPER_EXTENSION = app;
			};
			name = Release;
		};
		2EFAA5731956C71000E40081 /* Debug */ = {
			isa = XCBuildConfiguration;
			buildSettings = {
				BUNDLE_LOADER = "$(BUILT_PRODUCTS_DIR)/4_CODEAL.app/4_CODEAL";
				FRAMEWORK_SEARCH_PATHS = (
					"$(SDKROOT)/Developer/Library/Frameworks",
					"$(inherited)",
					"$(DEVELOPER_FRAMEWORKS_DIR)",
				);
				GCC_PRECOMPILE_PREFIX_HEADER = YES;
				GCC_PREFIX_HEADER = "4_CODEAL/4_CODEAL-Prefix.pch";
				GCC_PREPROCESSOR_DEFINITIONS = (
					"DEBUG=1",
					"$(inherited)",
				);
				INFOPLIST_FILE = "4_CODEALTests/4_CODEALTests-Info.plist";
				PRODUCT_NAME = "$(TARGET_NAME)";
				TEST_HOST = "$(BUNDLE_LOADER)";
				WRAPPER_EXTENSION = xctest;
			};
			name = Debug;
		};
		2EFAA5741956C71000E40081 /* Release */ = {
			isa = XCBuildConfiguration;
			buildSettings = {
				BUNDLE_LOADER = "$(BUILT_PRODUCTS_DIR)/4_CODEAL.app/4_CODEAL";
				FRAMEWORK_SEARCH_PATHS = (
					"$(SDKROOT)/Developer/Library/Frameworks",
					"$(inherited)",
					"$(DEVELOPER_FRAMEWORKS_DIR)",
				);
				GCC_PRECOMPILE_PREFIX_HEADER = YES;
				GCC_PREFIX_HEADER = "4_CODEAL/4_CODEAL-Prefix.pch";
				INFOPLIST_FILE = "4_CODEALTests/4_CODEALTests-Info.plist";
				PRODUCT_NAME = "$(TARGET_NAME)";
				TEST_HOST = "$(BUNDLE_LOADER)";
				WRAPPER_EXTENSION = xctest;
			};
			name = Release;
		};
/* End XCBuildConfiguration section */

/* Begin XCConfigurationList section */
		2EFAA5381956C71000E40081 /* Build configuration list for PBXProject "4_CODEAL" */ = {
			isa = XCConfigurationList;
			buildConfigurations = (
				2EFAA56D1956C71000E40081 /* Debug */,
				2EFAA56E1956C71000E40081 /* Release */,
			);
			defaultConfigurationIsVisible = 0;
			defaultConfigurationName = Release;
		};
		2EFAA56F1956C71000E40081 /* Build configuration list for PBXNativeTarget "4_CODEAL" */ = {
			isa = XCConfigurationList;
			buildConfigurations = (
				2EFAA5701956C71000E40081 /* Debug */,
				2EFAA5711956C71000E40081 /* Release */,
			);
			defaultConfigurationIsVisible = 0;
			defaultConfigurationName = Release;
		};
		2EFAA5721956C71000E40081 /* Build configuration list for PBXNativeTarget "4_CODEALTests" */ = {
			isa = XCConfigurationList;
			buildConfigurations = (
				2EFAA5731956C71000E40081 /* Debug */,
				2EFAA5741956C71000E40081 /* Release */,
			);
			defaultConfigurationIsVisible = 0;
			defaultConfigurationName = Release;
		};
/* End XCConfigurationList section */
	};
	rootObject = 2EFAA5351956C71000E40081 /* Project object */;
}
